
Microsoft Visual Studio Solution File, Format Version 12.00
# Visual Studio Version 16
VisualStudioVersion = 16.0.29503.13
MinimumVisualStudioVersion = 10.0.40219.1
Project("{FAE04EC0-301F-11D3-BF4B-00C04F79EFBC}") = "SampleAppium", "SampleAppium\SampleAppium.csproj", "{8F20059E-D976-468C-9F16-0AA52AB3B150}"
EndProject
Global
	GlobalSection(SolutionConfigurationPlatforms) = preSolution
		Debug|Any CPU = Debug|Any CPU
		Release|Any CPU = Release|Any CPU
	EndGlobalSection
	GlobalSection(ProjectConfigurationPlatforms) = postSolution
		{8F20059E-D976-468C-9F16-0AA52AB3B150}.Debug|Any CPU.ActiveCfg = Debug|Any CPU
		{8F20059E-D976-468C-9F16-0AA52AB3B150}.Debug|Any CPU.Build.0 = Debug|Any CPU
		{8F20059E-D976-468C-9F16-0AA52AB3B150}.Release|Any CPU.ActiveCfg = Release|Any CPU
		{8F20059E-D976-468C-9F16-0AA52AB3B150}.Release|Any CPU.Build.0 = Release|Any CPU
	EndGlobalSection
	GlobalSection(SolutionProperties) = preSolution
		HideSolutionNode = FALSE
	EndGlobalSection
	GlobalSection(ExtensibilityGlobals) = postSolution
		SolutionGuid = {B3B71206-27E7-47B7-A8EF-F51B81895535}
	EndGlobalSection
EndGlobal
